
Microsoft Visual Studio Solution File, Format Version 12.00
# Visual Studio 15
VisualStudioVersion = 15.0.28012.0
MinimumVisualStudioVersion = 10.0.40219.1
Project("{FAE04EC0-301F-11D3-BF4B-00C04F79EFBC}") = "ModifyXml", "ModifyXml\ModifyXml.csproj", "{4F7FD519-889B-4D79-BE43-215321096AEB}"
EndProject
Global
	GlobalSection(SolutionConfigurationPlatforms) = preSolution
		Debug|Any CPU = Debug|Any CPU
		Release|Any CPU = Release|Any CPU
	EndGlobalSection
	GlobalSection(ProjectConfigurationPlatforms) = postSolution
		{4F7FD519-889B-4D79-BE43-215321096AEB}.Debug|Any CPU.ActiveCfg = Debug|Any CPU
		{4F7FD519-889B-4D79-BE43-215321096AEB}.Debug|Any CPU.Build.0 = Debug|Any CPU
		{4F7FD519-889B-4D79-BE43-215321096AEB}.Release|Any CPU.ActiveCfg = Release|Any CPU
		{4F7FD519-889B-4D79-BE43-215321096AEB}.Release|Any CPU.Build.0 = Release|Any CPU
	EndGlobalSection
	GlobalSection(SolutionProperties) = preSolution
		HideSolutionNode = FALSE
	EndGlobalSection
	GlobalSection(ExtensibilityGlobals) = postSolution
		SolutionGuid = {6C4036C7-1320-42DC-BF0D-71134D15A08C}
	EndGlobalSection
EndGlobal
